
Microsoft Visual Studio Solution File, Format Version 12.00
# Visual Studio 2013
VisualStudioVersion = 12.0.30501.0
MinimumVisualStudioVersion = 10.0.40219.1
Project("{FAE04EC0-301F-11D3-BF4B-00C04F79EFBC}") = "Driver", "SoftwareAlgorithms\Driver.csproj", "{E06C38A1-3A93-4500-8CEC-BB5988B64F84}"
EndProject
Project("{FAE04EC0-301F-11D3-BF4B-00C04F79EFBC}") = "Algorithms", "Algorithms\Algorithms.csproj", "{5AC87AEB-7197-453C-ABB0-78B1EB846202}"
EndProject
Global
	GlobalSection(SolutionConfigurationPlatforms) = preSolution
		Debug|Any CPU = Debug|Any CPU
		Release|Any CPU = Release|Any CPU
	EndGlobalSection
	GlobalSection(ProjectConfigurationPlatforms) = postSolution
		{E06C38A1-3A93-4500-8CEC-BB5988B64F84}.Debug|Any CPU.ActiveCfg = Debug|Any CPU
		{E06C38A1-3A93-4500-8CEC-BB5988B64F84}.Debug|Any CPU.Build.0 = Debug|Any CPU
		{E06C38A1-3A93-4500-8CEC-BB5988B64F84}.Release|Any CPU.ActiveCfg = Release|Any CPU
		{E06C38A1-3A93-4500-8CEC-BB5988B64F84}.Release|Any CPU.Build.0 = Release|Any CPU
		{5AC87AEB-7197-453C-ABB0-78B1EB846202}.Debug|Any CPU.ActiveCfg = Debug|Any CPU
		{5AC87AEB-7197-453C-ABB0-78B1EB846202}.Debug|Any CPU.Build.0 = Debug|Any CPU
		{5AC87AEB-7197-453C-ABB0-78B1EB846202}.Release|Any CPU.ActiveCfg = Release|Any CPU
		{5AC87AEB-7197-453C-ABB0-78B1EB846202}.Release|Any CPU.Build.0 = Release|Any CPU
	EndGlobalSection
	GlobalSection(SolutionProperties) = preSolution
		HideSolutionNode = FALSE
	EndGlobalSection
EndGlobal
